
Microsoft Visual Studio Solution File, Format Version 12.00
Project("{FAE04EC0-301F-11D3-BF4B-00C04F79EFBC}") = "Overdraw", "Overdraw\Overdraw.csproj", "{3AE83921-45AA-48CF-BE41-1C1596021051}"
EndProject
Global
	GlobalSection(SolutionConfigurationPlatforms) = preSolution
		Debug|Any CPU = Debug|Any CPU
		Release|Any CPU = Release|Any CPU
	EndGlobalSection
	GlobalSection(ProjectConfigurationPlatforms) = postSolution
		{3AE83921-45AA-48CF-BE41-1C1596021051}.Debug|Any CPU.ActiveCfg = Debug|Any CPU
		{3AE83921-45AA-48CF-BE41-1C1596021051}.Debug|Any CPU.Build.0 = Debug|Any CPU
		{3AE83921-45AA-48CF-BE41-1C1596021051}.Release|Any CPU.ActiveCfg = Release|Any CPU
		{3AE83921-45AA-48CF-BE41-1C1596021051}.Release|Any CPU.Build.0 = Release|Any CPU
	EndGlobalSection
EndGlobal
